// !$*UTF8*$!
{
	archiveVersion = 1;
	classes = {
	};
	objectVersion = 46;
	objects = {

/* Begin PBXBuildFile section */
		900D7C03198761C800C50364 /* ALBoxViewCreator.swift in Sources */ = {isa = PBXBuildFile; fileRef = 900D7C02198761C800C50364 /* ALBoxViewCreator.swift */; };
		902797C7198AA76B00CCFC3F /* mask01.png in Resources */ = {isa = PBXBuildFile; fileRef = 902797C6198AA76B00CCFC3F /* mask01.png */; };
		902797C9198AA77100CCFC3F /* mask02.png in Resources */ = {isa = PBXBuildFile; fileRef = 902797C8198AA77100CCFC3F /* mask02.png */; };
		905845371977600B0035BA84 /* mask00.png in Resources */ = {isa = PBXBuildFile; fileRef = 905845361977600B0035BA84 /* mask00.png */; };
		9098E2B91941E0A500A26FDB /* AppDelegate.swift in Sources */ = {isa = PBXBuildFile; fileRef = 9098E2B81941E0A500A26FDB /* AppDelegate.swift */; };
		9098E2BB1941E0A500A26FDB /* ViewController.swift in Sources */ = {isa = PBXBuildFile; fileRef = 9098E2BA1941E0A500A26FDB /* ViewController.swift */; };
		9098E2BE1941E0A500A26FDB /* Main.storyboard in Resources */ = {isa = PBXBuildFile; fileRef = 9098E2BC1941E0A500A26FDB /* Main.storyboard */; };
		9098E2C01941E0A500A26FDB /* Images.xcassets in Resources */ = {isa = PBXBuildFile; fileRef = 9098E2BF1941E0A500A26FDB /* Images.xcassets */; };
		9098E2CC1941E0A500A26FDB /* SepViewTests.swift in Sources */ = {isa = PBXBuildFile; fileRef = 9098E2CB1941E0A500A26FDB /* SepViewTests.swift */; };
/* End PBXBuildFile section */

/* Begin PBXContainerItemProxy section */
		9098E2C61941E0A500A26FDB /* PBXContainerItemProxy */ = {
			isa = PBXContainerItemProxy;
			containerPortal = 9098E2AB1941E0A500A26FDB /* Project object */;
			proxyType = 1;
			remoteGlobalIDString = 9098E2B21941E0A500A26FDB;
			remoteInfo = SepView;
		};
/* End PBXContainerItemProxy section */

/* Begin PBXFileReference section */
		900D7C02198761C800C50364 /* ALBoxViewCreator.swift */ = {isa = PBXFileReference; fileEncoding = 4; lastKnownFileType = sourcecode.swift; path = ALBoxViewCreator.swift; sourceTree = "<group>"; };
		902797C6198AA76B00CCFC3F /* mask01.png */ = {isa = PBXFileReference; lastKnownFileType = image.png; path = mask01.png; sourceTree = "<group>"; };
		902797C8198AA77100CCFC3F /* mask02.png */ = {isa = PBXFileReference; lastKnownFileType = image.png; path = mask02.png; sourceTree = "<group>"; };
		905845361977600B0035BA84 /* mask00.png */ = {isa = PBXFileReference; lastKnownFileType = image.png; path = mask00.png; sourceTree = "<group>"; };
		9098E2B31941E0A500A26FDB /* SepView.app */ = {isa = PBXFileReference; explicitFileType = wrapper.application; includeInIndex = 0; path = SepView.app; sourceTree = BUILT_PRODUCTS_DIR; };
		9098E2B71941E0A500A26FDB /* Info.plist */ = {isa = PBXFileReference; lastKnownFileType = text.plist.xml; path = Info.plist; sourceTree = "<group>"; };
		9098E2B81941E0A500A26FDB /* AppDelegate.swift */ = {isa = PBXFileReference; lastKnownFileType = sourcecode.swift; path = AppDelegate.swift; sourceTree = "<group>"; };
		9098E2BA1941E0A500A26FDB /* ViewController.swift */ = {isa = PBXFileReference; lastKnownFileType = sourcecode.swift; path = ViewController.swift; sourceTree = "<group>"; };
		9098E2BD1941E0A500A26FDB /* Base */ = {isa = PBXFileReference; lastKnownFileType = file.storyboard; name = Base; path = Base.lproj/Main.storyboard; sourceTree = "<group>"; };
		9098E2BF1941E0A500A26FDB /* Images.xcassets */ = {isa = PBXFileReference; lastKnownFileType = folder.assetcatalog; path = Images.xcassets; sourceTree = "<group>"; };
		9098E2C51941E0A500A26FDB /* SepViewTests.xctest */ = {isa = PBXFileReference; explicitFileType = wrapper.cfbundle; includeInIndex = 0; path = SepViewTests.xctest; sourceTree = BUILT_PRODUCTS_DIR; };
		9098E2CA1941E0A500A26FDB /* Info.plist */ = {isa = PBXFileReference; lastKnownFileType = text.plist.xml; path = Info.plist; sourceTree = "<group>"; };
		9098E2CB1941E0A500A26FDB /* SepViewTests.swift */ = {isa = PBXFileReference; lastKnownFileType = sourcecode.swift; path = SepViewTests.swift; sourceTree = "<group>"; };
/* End PBXFileReference section */

/* Begin PBXFrameworksBuildPhase section */
		9098E2B01941E0A500A26FDB /* Frameworks */ = {
			isa = PBXFrameworksBuildPhase;
			buildActionMask = 2147483647;
			files = (
			);
			runOnlyForDeploymentPostprocessing = 0;
		};
		9098E2C21941E0A500A26FDB /* Frameworks */ = {
			isa = PBXFrameworksBuildPhase;
			buildActionMask = 2147483647;
			files = (
			);
			runOnlyForDeploymentPostprocessing = 0;
		};
/* End PBXFrameworksBuildPhase section */

/* Begin PBXGroup section */
		9098E2AA1941E0A500A26FDB = {
			isa = PBXGroup;
			children = (
				9098E2B51941E0A500A26FDB /* SepView */,
				9098E2C81941E0A500A26FDB /* SepViewTests */,
				9098E2B41941E0A500A26FDB /* Products */,
			);
			sourceTree = "<group>";
		};
		9098E2B41941E0A500A26FDB /* Products */ = {
			isa = PBXGroup;
			children = (
				9098E2B31941E0A500A26FDB /* SepView.app */,
				9098E2C51941E0A500A26FDB /* SepViewTests.xctest */,
			);
			name = Products;
			sourceTree = "<group>";
		};
		9098E2B51941E0A500A26FDB /* SepView */ = {
			isa = PBXGroup;
			children = (
				9098E2B81941E0A500A26FDB /* AppDelegate.swift */,
				9098E2BA1941E0A500A26FDB /* ViewController.swift */,
				900D7C02198761C800C50364 /* ALBoxViewCreator.swift */,
				9098E2BC1941E0A500A26FDB /* Main.storyboard */,
				9098E2BF1941E0A500A26FDB /* Images.xcassets */,
				905845361977600B0035BA84 /* mask00.png */,
				902797C6198AA76B00CCFC3F /* mask01.png */,
				902797C8198AA77100CCFC3F /* mask02.png */,
				9098E2B61941E0A500A26FDB /* Supporting Files */,
			);
			path = SepView;
			sourceTree = "<group>";
		};
		9098E2B61941E0A500A26FDB /* Supporting Files */ = {
			isa = PBXGroup;
			children = (
				9098E2B71941E0A500A26FDB /* Info.plist */,
			);
			name = "Supporting Files";
			sourceTree = "<group>";
		};
		9098E2C81941E0A500A26FDB /* SepViewTests */ = {
			isa = PBXGroup;
			children = (
				9098E2CB1941E0A500A26FDB /* SepViewTests.swift */,
				9098E2C91941E0A500A26FDB /* Supporting Files */,
			);
			path = SepViewTests;
			sourceTree = "<group>";
		};
		9098E2C91941E0A500A26FDB /* Supporting Files */ = {
			isa = PBXGroup;
			children = (
				9098E2CA1941E0A500A26FDB /* Info.plist */,
			);
			name = "Supporting Files";
			sourceTree = "<group>";
		};
/* End PBXGroup section */

/* Begin PBXNativeTarget section */
		9098E2B21941E0A500A26FDB /* SepView */ = {
			isa = PBXNativeTarget;
			buildConfigurationList = 9098E2CF1941E0A500A26FDB /* Build configuration list for PBXNativeTarget "SepView" */;
			buildPhases = (
				9098E2AF1941E0A500A26FDB /* Sources */,
				9098E2B01941E0A500A26FDB /* Frameworks */,
				9098E2B11941E0A500A26FDB /* Resources */,
			);
			buildRules = (
			);
			dependencies = (
			);
			name = SepView;
			productName = SepView;
			productReference = 9098E2B31941E0A500A26FDB /* SepView.app */;
			productType = "com.apple.product-type.application";
		};
		9098E2C41941E0A500A26FDB /* SepViewTests */ = {
			isa = PBXNativeTarget;
			buildConfigurationList = 9098E2D21941E0A500A26FDB /* Build configuration list for PBXNativeTarget "SepViewTests" */;
			buildPhases = (
				9098E2C11941E0A500A26FDB /* Sources */,
				9098E2C21941E0A500A26FDB /* Frameworks */,
				9098E2C31941E0A500A26FDB /* Resources */,
			);
			buildRules = (
			);
			dependencies = (
				9098E2C71941E0A500A26FDB /* PBXTargetDependency */,
			);
			name = SepViewTests;
			productName = SepViewTests;
			productReference = 9098E2C51941E0A500A26FDB /* SepViewTests.xctest */;
			productType = "com.apple.product-type.bundle.unit-test";
		};
/* End PBXNativeTarget section */

/* Begin PBXProject section */
		9098E2AB1941E0A500A26FDB /* Project object */ = {
			isa = PBXProject;
			attributes = {
				LastUpgradeCheck = 0600;
				ORGANIZATIONNAME = "Tomohiko Himura";
				TargetAttributes = {
					9098E2B21941E0A500A26FDB = {
						CreatedOnToolsVersion = 6.0;
					};
					9098E2C41941E0A500A26FDB = {
						CreatedOnToolsVersion = 6.0;
						TestTargetID = 9098E2B21941E0A500A26FDB;
					};
				};
			};
			buildConfigurationList = 9098E2AE1941E0A500A26FDB /* Build configuration list for PBXProject "SepView" */;
			compatibilityVersion = "Xcode 3.2";
			developmentRegion = English;
			hasScannedForEncodings = 0;
			knownRegions = (
				en,
				Base,
			);
			mainGroup = 9098E2AA1941E0A500A26FDB;
			productRefGroup = 9098E2B41941E0A500A26FDB /* Products */;
			projectDirPath = "";
			projectRoot = "";
			targets = (
				9098E2B21941E0A500A26FDB /* SepView */,
				9098E2C41941E0A500A26FDB /* SepViewTests */,
			);
		};
/* End PBXProject section */

/* Begin PBXResourcesBuildPhase section */
		9098E2B11941E0A500A26FDB /* Resources */ = {
			isa = PBXResourcesBuildPhase;
			buildActionMask = 2147483647;
			files = (
				902797C9198AA77100CCFC3F /* mask02.png in Resources */,
				9098E2BE1941E0A500A26FDB /* Main.storyboard in Resources */,
				9098E2C01941E0A500A26FDB /* Images.xcassets in Resources */,
				902797C7198AA76B00CCFC3F /* mask01.png in Resources */,
				905845371977600B0035BA84 /* mask00.png in Resources */,
			);
			runOnlyForDeploymentPostprocessing = 0;
		};
		9098E2C31941E0A500A26FDB /* Resources */ = {
			isa = PBXResourcesBuildPhase;
			buildActionMask = 2147483647;
			files = (
			);
			runOnlyForDeploymentPostprocessing = 0;
		};
/* End PBXResourcesBuildPhase section */

/* Begin PBXSourcesBuildPhase section */
		9098E2AF1941E0A500A26FDB /* Sources */ = {
			isa = PBXSourcesBuildPhase;
			buildActionMask = 2147483647;
			files = (
				9098E2BB1941E0A500A26FDB /* ViewController.swift in Sources */,
				900D7C03198761C800C50364 /* ALBoxViewCreator.swift in Sources */,
				9098E2B91941E0A500A26FDB /* AppDelegate.swift in Sources */,
			);
			runOnlyForDeploymentPostprocessing = 0;
		};
		9098E2C11941E0A500A26FDB /* Sources */ = {
			isa = PBXSourcesBuildPhase;
			buildActionMask = 2147483647;
			files = (
				9098E2CC1941E0A500A26FDB /* SepViewTests.swift in Sources */,
			);
			runOnlyForDeploymentPostprocessing = 0;
		};
/* End PBXSourcesBuildPhase section */

/* Begin PBXTargetDependency section */
		9098E2C71941E0A500A26FDB /* PBXTargetDependency */ = {
			isa = PBXTargetDependency;
			target = 9098E2B21941E0A500A26FDB /* SepView */;
			targetProxy = 9098E2C61941E0A500A26FDB /* PBXContainerItemProxy */;
		};
/* End PBXTargetDependency section */

/* Begin PBXVariantGroup section */
		9098E2BC1941E0A500A26FDB /* Main.storyboard */ = {
			isa = PBXVariantGroup;
			children = (
				9098E2BD1941E0A500A26FDB /* Base */,
			);
			name = Main.storyboard;
			sourceTree = "<group>";
		};
/* End PBXVariantGroup section */

/* Begin XCBuildConfiguration section */
		9098E2CD1941E0A500A26FDB /* Debug */ = {
			isa = XCBuildConfiguration;
			buildSettings = {
				ALWAYS_SEARCH_USER_PATHS = NO;
				CLANG_CXX_LANGUAGE_STANDARD = "gnu++0x";
				CLANG_CXX_LIBRARY = "libc++";
				CLANG_ENABLE_MODULES = YES;
				CLANG_ENABLE_OBJC_ARC = YES;
				CLANG_WARN_BOOL_CONVERSION = YES;
				CLANG_WARN_CONSTANT_CONVERSION = YES;
				CLANG_WARN_DIRECT_OBJC_ISA_USAGE = YES_ERROR;
				CLANG_WARN_EMPTY_BODY = YES;
				CLANG_WARN_ENUM_CONVERSION = YES;
				CLANG_WARN_INT_CONVERSION = YES;
				CLANG_WARN_OBJC_ROOT_CLASS = YES_ERROR;
				CLANG_WARN_UNREACHABLE_CODE = YES;
				CLANG_WARN__DUPLICATE_METHOD_MATCH = YES;
				"CODE_SIGN_IDENTITY[sdk=iphoneos*]" = "iPhone Developer";
				COPY_PHASE_STRIP = NO;
				ENABLE_STRICT_OBJC_MSGSEND = YES;
				GCC_C_LANGUAGE_STANDARD = gnu99;
				GCC_DYNAMIC_NO_PIC = NO;
				GCC_OPTIMIZATION_LEVEL = 0;
				GCC_PREPROCESSOR_DEFINITIONS = (
					"DEBUG=1",
					"$(inherited)",
				);
				GCC_SYMBOLS_PRIVATE_EXTERN = NO;
				GCC_WARN_64_TO_32_BIT_CONVERSION = YES;
				GCC_WARN_ABOUT_RETURN_TYPE = YES_ERROR;
				GCC_WARN_UNDECLARED_SELECTOR = YES;
				GCC_WARN_UNINITIALIZED_AUTOS = YES_AGGRESSIVE;
				GCC_WARN_UNUSED_FUNCTION = YES;
				GCC_WARN_UNUSED_VARIABLE = YES;
				IPHONEOS_DEPLOYMENT_TARGET = 7.1;
				METAL_ENABLE_DEBUG_INFO = YES;
				ONLY_ACTIVE_ARCH = YES;
				SDKROOT = iphoneos;
				SWIFT_OPTIMIZATION_LEVEL = "-Onone";
				TARGETED_DEVICE_FAMILY = "1,2";
			};
			name = Debug;
		};
		9098E2CE1941E0A500A26FDB /* Release */ = {
			isa = XCBuildConfiguration;
			buildSettings = {
				ALWAYS_SEARCH_USER_PATHS = NO;
				CLANG_CXX_LANGUAGE_STANDARD = "gnu++0x";
				CLANG_CXX_LIBRARY = "libc++";
				CLANG_ENABLE_MODULES = YES;
				CLANG_ENABLE_OBJC_ARC = YES;
				CLANG_WARN_BOOL_CONVERSION = YES;
				CLANG_WARN_CONSTANT_CONVERSION = YES;
				CLANG_WARN_DIRECT_OBJC_ISA_USAGE = YES_ERROR;
				CLANG_WARN_EMPTY_BODY = YES;
				CLANG_WARN_ENUM_CONVERSION = YES;
				CLANG_WARN_INT_CONVERSION = YES;
				CLANG_WARN_OBJC_ROOT_CLASS = YES_ERROR;
				CLANG_WARN_UNREACHABLE_CODE = YES;
				CLANG_WARN__DUPLICATE_METHOD_MATCH = YES;
				"CODE_SIGN_IDENTITY[sdk=iphoneos*]" = "iPhone Developer";
				COPY_PHASE_STRIP = YES;
				ENABLE_NS_ASSERTIONS = NO;
				ENABLE_STRICT_OBJC_MSGSEND = YES;
				GCC_C_LANGUAGE_STANDARD = gnu99;
				GCC_WARN_64_TO_32_BIT_CONVERSION = YES;
				GCC_WARN_ABOUT_RETURN_TYPE = YES_ERROR;
				GCC_WARN_UNDECLARED_SELECTOR = YES;
				GCC_WARN_UNINITIALIZED_AUTOS = YES_AGGRESSIVE;
				GCC_WARN_UNUSED_FUNCTION = YES;
				GCC_WARN_UNUSED_VARIABLE = YES;
				IPHONEOS_DEPLOYMENT_TARGET = 7.1;
				METAL_ENABLE_DEBUG_INFO = NO;
				SDKROOT = iphoneos;
				TARGETED_DEVICE_FAMILY = "1,2";
				VALIDATE_PRODUCT = YES;
			};
			name = Release;
		};
		9098E2D01941E0A500A26FDB /* Debug */ = {
			isa = XCBuildConfiguration;
			buildSettings = {
				ASSETCATALOG_COMPILER_APPICON_NAME = AppIcon;
				ASSETCATALOG_COMPILER_LAUNCHIMAGE_NAME = LaunchImage;
				INFOPLIST_FILE = SepView/Info.plist;
				LD_RUNPATH_SEARCH_PATHS = "$(inherited) @executable_path/Frameworks";
				PRODUCT_NAME = "$(TARGET_NAME)";
			};
			name = Debug;
		};
		9098E2D11941E0A500A26FDB /* Release */ = {
			isa = XCBuildConfiguration;
			buildSettings = {
				ASSETCATALOG_COMPILER_APPICON_NAME = AppIcon;
				ASSETCATALOG_COMPILER_LAUNCHIMAGE_NAME = LaunchImage;
				INFOPLIST_FILE = SepView/Info.plist;
				LD_RUNPATH_SEARCH_PATHS = "$(inherited) @executable_path/Frameworks";
				PRODUCT_NAME = "$(TARGET_NAME)";
			};
			name = Release;
		};
		9098E2D31941E0A500A26FDB /* Debug */ = {
			isa = XCBuildConfiguration;
			buildSettings = {
				BUNDLE_LOADER = "$(BUILT_PRODUCTS_DIR)/SepView.app/SepView";
				FRAMEWORK_SEARCH_PATHS = (
					"$(SDKROOT)/Developer/Library/Frameworks",
					"$(inherited)",
				);
				GCC_PREPROCESSOR_DEFINITIONS = (
					"DEBUG=1",
					"$(inherited)",
				);
				INFOPLIST_FILE = SepViewTests/Info.plist;
				LD_RUNPATH_SEARCH_PATHS = "$(inherited) @executable_path/Frameworks @loader_path/Frameworks";
				METAL_ENABLE_DEBUG_INFO = YES;
				PRODUCT_NAME = "$(TARGET_NAME)";
				TEST_HOST = "$(BUNDLE_LOADER)";
			};
			name = Debug;
		};
		9098E2D41941E0A500A26FDB /* Release */ = {
			isa = XCBuildConfiguration;
			buildSettings = {
				BUNDLE_LOADER = "$(BUILT_PRODUCTS_DIR)/SepView.app/SepView";
				FRAMEWORK_SEARCH_PATHS = (
					"$(SDKROOT)/Developer/Library/Frameworks",
					"$(inherited)",
				);
				INFOPLIST_FILE = SepViewTests/Info.plist;
				LD_RUNPATH_SEARCH_PATHS = "$(inherited) @executable_path/Frameworks @loader_path/Frameworks";
				METAL_ENABLE_DEBUG_INFO = NO;
				PRODUCT_NAME = "$(TARGET_NAME)";
				TEST_HOST = "$(BUNDLE_LOADER)";
			};
			name = Release;
		};
/* End XCBuildConfiguration section */

/* Begin XCConfigurationList section */
		9098E2AE1941E0A500A26FDB /* Build configuration list for PBXProject "SepView" */ = {
			isa = XCConfigurationList;
			buildConfigurations = (
				9098E2CD1941E0A500A26FDB /* Debug */,
				9098E2CE1941E0A500A26FDB /* Release */,
			);
			defaultConfigurationIsVisible = 0;
			defaultConfigurationName = Release;
		};
		9098E2CF1941E0A500A26FDB /* Build configuration list for PBXNativeTarget "SepView" */ = {
			isa = XCConfigurationList;
			buildConfigurations = (
				9098E2D01941E0A500A26FDB /* Debug */,
				9098E2D11941E0A500A26FDB /* Release */,
			);
			defaultConfigurationIsVisible = 0;
			defaultConfigurationName = Release;
		};
		9098E2D21941E0A500A26FDB /* Build configuration list for PBXNativeTarget "SepViewTests" */ = {
			isa = XCConfigurationList;
			buildConfigurations = (
				9098E2D31941E0A500A26FDB /* Debug */,
				9098E2D41941E0A500A26FDB /* Release */,
			);
			defaultConfigurationIsVisible = 0;
			defaultConfigurationName = Release;
		};
/* End XCConfigurationList section */
	};
	rootObject = 9098E2AB1941E0A500A26FDB /* Project object */;
}
